
Microsoft Visual Studio Solution File, Format Version 12.00
# Visual Studio Version 16
VisualStudioVersion = 16.0.29806.167
MinimumVisualStudioVersion = 10.0.40219.1
Project("{FAE04EC0-301F-11D3-BF4B-00C04F79EFBC}") = "Lab5_Contacts.Android", "Lab5_Contacts\Lab5_Contacts.Android\Lab5_Contacts.Android.csproj", "{DC5EC018-DDD1-48E2-BC5C-CB83E40200D3}"
EndProject
Project("{FAE04EC0-301F-11D3-BF4B-00C04F79EFBC}") = "Lab5_Contacts", "Lab5_Contacts\Lab5_Contacts\Lab5_Contacts.csproj", "{15F678CC-CEBB-4FFA-BF11-2C84A135E573}"
EndProject
Global
	GlobalSection(SolutionConfigurationPlatforms) = preSolution
		Debug|Any CPU = Debug|Any CPU
		Release|Any CPU = Release|Any CPU
	EndGlobalSection
	GlobalSection(ProjectConfigurationPlatforms) = postSolution
		{DC5EC018-DDD1-48E2-BC5C-CB83E40200D3}.Debug|Any CPU.ActiveCfg = Debug|Any CPU
		{DC5EC018-DDD1-48E2-BC5C-CB83E40200D3}.Debug|Any CPU.Build.0 = Debug|Any CPU
		{DC5EC018-DDD1-48E2-BC5C-CB83E40200D3}.Debug|Any CPU.Deploy.0 = Debug|Any CPU
		{DC5EC018-DDD1-48E2-BC5C-CB83E40200D3}.Release|Any CPU.ActiveCfg = Release|Any CPU
		{DC5EC018-DDD1-48E2-BC5C-CB83E40200D3}.Release|Any CPU.Build.0 = Release|Any CPU
		{DC5EC018-DDD1-48E2-BC5C-CB83E40200D3}.Release|Any CPU.Deploy.0 = Release|Any CPU
		{15F678CC-CEBB-4FFA-BF11-2C84A135E573}.Debug|Any CPU.ActiveCfg = Debug|Any CPU
		{15F678CC-CEBB-4FFA-BF11-2C84A135E573}.Debug|Any CPU.Build.0 = Debug|Any CPU
		{15F678CC-CEBB-4FFA-BF11-2C84A135E573}.Debug|Any CPU.Deploy.0 = Debug|Any CPU
		{15F678CC-CEBB-4FFA-BF11-2C84A135E573}.Release|Any CPU.ActiveCfg = Release|Any CPU
		{15F678CC-CEBB-4FFA-BF11-2C84A135E573}.Release|Any CPU.Build.0 = Release|Any CPU
		{15F678CC-CEBB-4FFA-BF11-2C84A135E573}.Release|Any CPU.Deploy.0 = Release|Any CPU
	EndGlobalSection
	GlobalSection(SolutionProperties) = preSolution
		HideSolutionNode = FALSE
	EndGlobalSection
	GlobalSection(ExtensibilityGlobals) = postSolution
		SolutionGuid = {50B53C94-F3C5-474A-9EDE-7567B5978166}
	EndGlobalSection
EndGlobal
